
Microsoft Visual Studio Solution File, Format Version 12.00
# Visual Studio 15
VisualStudioVersion = 14.0.24720.0
MinimumVisualStudioVersion = 10.0.40219.1
Project("{F2A71F9B-5D33-465A-A702-920D77279786}") = "Minecraft", "Minecraft.fsproj", "{0CDB2DBD-232E-44A2-B7DD-993D228544B0}"
EndProject
Global
	GlobalSection(SolutionConfigurationPlatforms) = preSolution
		Debug|Any CPU = Debug|Any CPU
		Release|Any CPU = Release|Any CPU
	EndGlobalSection
	GlobalSection(ProjectConfigurationPlatforms) = postSolution
		{0CDB2DBD-232E-44A2-B7DD-993D228544B0}.Debug|Any CPU.ActiveCfg = Debug|Any CPU
		{0CDB2DBD-232E-44A2-B7DD-993D228544B0}.Debug|Any CPU.Build.0 = Debug|Any CPU
		{0CDB2DBD-232E-44A2-B7DD-993D228544B0}.Release|Any CPU.ActiveCfg = Release|Any CPU
		{0CDB2DBD-232E-44A2-B7DD-993D228544B0}.Release|Any CPU.Build.0 = Release|Any CPU
	EndGlobalSection
	GlobalSection(SolutionProperties) = preSolution
		HideSolutionNode = FALSE
	EndGlobalSection
EndGlobal
